
Microsoft Visual Studio Solution File, Format Version 12.00
# Visual Studio Version 16
VisualStudioVersion = 16.0.32802.440
MinimumVisualStudioVersion = 10.0.40219.1
Project("{FAE04EC0-301F-11D3-BF4B-00C04F79EFBC}") = "MyDictionary", "MyDictionary\MyDictionary.csproj", "{15C37078-1761-4B42-B420-89DB5E7BC5D8}"
EndProject
Global
	GlobalSection(SolutionConfigurationPlatforms) = preSolution
		Debug|Any CPU = Debug|Any CPU
		Release|Any CPU = Release|Any CPU
	EndGlobalSection
	GlobalSection(ProjectConfigurationPlatforms) = postSolution
		{15C37078-1761-4B42-B420-89DB5E7BC5D8}.Debug|Any CPU.ActiveCfg = Debug|Any CPU
		{15C37078-1761-4B42-B420-89DB5E7BC5D8}.Debug|Any CPU.Build.0 = Debug|Any CPU
		{15C37078-1761-4B42-B420-89DB5E7BC5D8}.Release|Any CPU.ActiveCfg = Release|Any CPU
		{15C37078-1761-4B42-B420-89DB5E7BC5D8}.Release|Any CPU.Build.0 = Release|Any CPU
	EndGlobalSection
	GlobalSection(SolutionProperties) = preSolution
		HideSolutionNode = FALSE
	EndGlobalSection
	GlobalSection(ExtensibilityGlobals) = postSolution
		SolutionGuid = {4D9BBB33-0CB8-4CC1-82A0-3957728672AA}
	EndGlobalSection
EndGlobal
